Microsoft Visual Studio Solution File, Format Version 12.00
# Visual Studio Version 17
VisualStudioVersion = 17.0.31903.59
MinimumVisualStudioVersion = 10.0.40219.1
Project("{9A19103F-16F7-4668-BE54-9A1E7A4F7556}") = "Icod.DCurses", "Icod.DCurses.csproj", "{9B620925-633B-49B1-AF76-7D57345E5D5C}"
EndProject
Project("{2150E333-8FDC-42A3-9474-1A3956D46DE8}") = "tests", "tests", "{56678D7A-8BA1-4AB4-8A06-3E5C41F9E3F0}"
EndProject
Project("{9A19103F-16F7-4668-BE54-9A1E7A4F7556}") = "Icod.DCurses.Tests", "tests\Icod.DCurses.Tests\Icod.DCurses.Tests.csproj", "{B65DE7CA-7DD7-42FA-86B6-1A791B8A53E3}"
EndProject
Project("{2150E333-8FDC-42A3-9474-1A3956D46DE8}") = "samples", "samples", "{4A1B4462-96F7-4E95-95A4-059D416B73E7}"
EndProject
Project("{9A19103F-16F7-4668-BE54-9A1E7A4F7556}") = "Icod.DCurses.Sample", "samples\Icod.DCurses.Sample\Icod.DCurses.Sample.csproj", "{CC1A35F4-7338-438B-9AF5-11377FB640DF}"
EndProject
Project("{9A19103F-16F7-4668-BE54-9A1E7A4F7556}") = "Icod.DCurses.Showcase", "samples\Icod.DCurses.Showcase\Icod.DCurses.Showcase.csproj", "{E4A0FC7B-9726-4F40-A7C8-8CF2F83691A1}"
EndProject
Project("{9A19103F-16F7-4668-BE54-9A1E7A4F7556}") = "Icod.DCurses.Input.Showcase", "samples\Icod.DCurses.Input.Showcase\Icod.DCurses.Input.Showcase.csproj", "{5FEA509E-66AA-45A0-96C8-08CD6FBD5D03}"
EndProject
Global
	GlobalSection(SolutionConfigurationPlatforms) = preSolution
		Debug|Any CPU = Debug|Any CPU
		Staging|Any CPU = Staging|Any CPU
		Release|Any CPU = Release|Any CPU
	EndGlobalSection
	GlobalSection(ProjectConfigurationPlatforms) = postSolution
		{9B620925-633B-49B1-AF76-7D57345E5D5C}.Debug|Any CPU.ActiveCfg = Debug|Any CPU
		{9B620925-633B-49B1-AF76-7D57345E5D5C}.Debug|Any CPU.Build.0 = Debug|Any CPU
		{9B620925-633B-49B1-AF76-7D57345E5D5C}.Staging|Any CPU.ActiveCfg = Staging|Any CPU
		{9B620925-633B-49B1-AF76-7D57345E5D5C}.Staging|Any CPU.Build.0 = Staging|Any CPU
		{9B620925-633B-49B1-AF76-7D57345E5D5C}.Release|Any CPU.ActiveCfg = Release|Any CPU
		{9B620925-633B-49B1-AF76-7D57345E5D5C}.Release|Any CPU.Build.0 = Release|Any CPU
		{B65DE7CA-7DD7-42FA-86B6-1A791B8A53E3}.Debug|Any CPU.ActiveCfg = Debug|Any CPU
		{B65DE7CA-7DD7-42FA-86B6-1A791B8A53E3}.Debug|Any CPU.Build.0 = Debug|Any CPU
		{B65DE7CA-7DD7-42FA-86B6-1A791B8A53E3}.Staging|Any CPU.ActiveCfg = Staging|Any CPU
		{B65DE7CA-7DD7-42FA-86B6-1A791B8A53E3}.Staging|Any CPU.Build.0 = Staging|Any CPU
		{B65DE7CA-7DD7-42FA-86B6-1A791B8A53E3}.Release|Any CPU.ActiveCfg = Release|Any CPU
		{B65DE7CA-7DD7-42FA-86B6-1A791B8A53E3}.Release|Any CPU.Build.0 = Release|Any CPU
		{CC1A35F4-7338-438B-9AF5-11377FB640DF}.Debug|Any CPU.ActiveCfg = Debug|Any CPU
		{CC1A35F4-7338-438B-9AF5-11377FB640DF}.Debug|Any CPU.Build.0 = Debug|Any CPU
		{CC1A35F4-7338-438B-9AF5-11377FB640DF}.Staging|Any CPU.ActiveCfg = Staging|Any CPU
		{CC1A35F4-7338-438B-9AF5-11377FB640DF}.Staging|Any CPU.Build.0 = Staging|Any CPU
		{CC1A35F4-7338-438B-9AF5-11377FB640DF}.Release|Any CPU.ActiveCfg = Release|Any CPU
		{CC1A35F4-7338-438B-9AF5-11377FB640DF}.Release|Any CPU.Build.0 = Release|Any CPU
		{E4A0FC7B-9726-4F40-A7C8-8CF2F83691A1}.Debug|Any CPU.ActiveCfg = Debug|Any CPU
		{E4A0FC7B-9726-4F40-A7C8-8CF2F83691A1}.Debug|Any CPU.Build.0 = Debug|Any CPU
		{E4A0FC7B-9726-4F40-A7C8-8CF2F83691A1}.Staging|Any CPU.ActiveCfg = Staging|Any CPU
		{E4A0FC7B-9726-4F40-A7C8-8CF2F83691A1}.Staging|Any CPU.Build.0 = Staging|Any CPU
		{E4A0FC7B-9726-4F40-A7C8-8CF2F83691A1}.Release|Any CPU.ActiveCfg = Release|Any CPU
		{E4A0FC7B-9726-4F40-A7C8-8CF2F83691A1}.Release|Any CPU.Build.0 = Release|Any CPU
		{5FEA509E-66AA-45A0-96C8-08CD6FBD5D03}.Debug|Any CPU.ActiveCfg = Debug|Any CPU
		{5FEA509E-66AA-45A0-96C8-08CD6FBD5D03}.Debug|Any CPU.Build.0 = Debug|Any CPU
		{5FEA509E-66AA-45A0-96C8-08CD6FBD5D03}.Staging|Any CPU.ActiveCfg = Staging|Any CPU
		{5FEA509E-66AA-45A0-96C8-08CD6FBD5D03}.Staging|Any CPU.Build.0 = Staging|Any CPU
		{5FEA509E-66AA-45A0-96C8-08CD6FBD5D03}.Release|Any CPU.ActiveCfg = Release|Any CPU
		{5FEA509E-66AA-45A0-96C8-08CD6FBD5D03}.Release|Any CPU.Build.0 = Release|Any CPU
	EndGlobalSection
	GlobalSection(SolutionProperties) = preSolution
		HideSolutionNode = FALSE
	EndGlobalSection
	GlobalSection(NestedProjects) = preSolution
		{B65DE7CA-7DD7-42FA-86B6-1A791B8A53E3} = {56678D7A-8BA1-4AB4-8A06-3E5C41F9E3F0}
		{CC1A35F4-7338-438B-9AF5-11377FB640DF} = {4A1B4462-96F7-4E95-95A4-059D416B73E7}
		{E4A0FC7B-9726-4F40-A7C8-8CF2F83691A1} = {4A1B4462-96F7-4E95-95A4-059D416B73E7}
		{5FEA509E-66AA-45A0-96C8-08CD6FBD5D03} = {4A1B4462-96F7-4E95-95A4-059D416B73E7}
	EndGlobalSection
EndGlobal
